# This file is automatically @generated by Poetry 2.3.2 and should not be changed by hand.

[[package]]
name = "aiosmtpd"
version = "1.4.6"
description = "aiosmtpd - asyncio based SMTP server"
optional = false
python-versions = ">=3.8"
groups = ["main"]
files = [
    {file = "aiosmtpd-1.4.6-py3-none-any.whl", hash = "sha256:72c99179ba5aa9ae0abbda6994668239b64a5ce054471955fe75f581d2592475"},
    {file = "aiosmtpd-1.4.6.tar.gz", hash = "sha256:5a811826e1a5a06c25ebc3e6c4a704613eb9a1bcf6b78428fbe865f4f6c9a4b8"},
]

[package.dependencies]
atpublic = "*"
attrs = "*"

[[package]]
name = "asyncio"
version = "4.0.0"
description = "Deprecated backport of asyncio; use the stdlib package instead"
optional = false
python-versions = ">=3.4"
groups = ["main"]
files = [
    {file = "asyncio-4.0.0-py3-none-any.whl", hash = "sha256:c1eddb0659231837046809e68103969b2bef8b0400d59cfa6363f6b5ed8cc88b"},
    {file = "asyncio-4.0.0.tar.gz", hash = "sha256:570cd9e50db83bc1629152d4d0b7558d6451bb1bfd5dfc2e935d96fc2f40329b"},
]

[[package]]
name = "atpublic"
version = "7.0.0"
description = "Keep all y'all's __all__'s in sync"
optional = false
python-versions = ">=3.10"
groups = ["main"]
files = [
    {file = "atpublic-7.0.0-py3-none-any.whl", hash = "sha256:6702bd9e7245eb4e8220a3e222afcef7f87412154732271ee7deee4433b72b4b"},
    {file = "atpublic-7.0.0.tar.gz", hash = "sha256:466ef10d0c8bbd14fd02a5fbd5a8b6af6a846373d91106d3a07c16d72d96b63e"},
]

[[package]]
name = "attrs"
version = "25.4.0"
description = "Classes Without Boilerplate"
optional = false
python-versions = ">=3.9"
groups = ["main"]
files = [
    {file = "attrs-25.4.0-py3-none-any.whl", hash = "sha256:adcf7e2a1fb3b36ac48d97835bb6d8ade15b8dcce26aba8bf1d14847b57a3373"},
    {file = "attrs-25.4.0.tar.gz", hash = "sha256:16d5969b87f0859ef33a48b35d55ac1be6e42ae49d5e853b597db70c35c57e11"},
]

[[package]]
name = "python-dotenv"
version = "1.2.1"
description = "Read key-value pairs from a .env file and set them as environment variables"
optional = false
python-versions = ">=3.9"
groups = ["main"]
files = [
    {file = "python_dotenv-1.2.1-py3-none-any.whl", hash = "sha256:b81ee9561e9ca4004139c6cbba3a238c32b03e4894671e181b671e8cb8425d61"},
    {file = "python_dotenv-1.2.1.tar.gz", hash = "sha256:42667e897e16ab0d66954af0e60a9caa94f0fd4ecf3aaf6d2d260eec1aa36ad6"},
]

[package.extras]
cli = ["click (>=5.0)"]

[metadata]
lock-version = "2.1"
python-versions = ">=3.14"
content-hash = "de15be6ff4e9c8abc0d6a846977a4d758bc3f510252cb4e6eb99bc835a6084c5"
